
Microsoft Visual Studio Solution File, Format Version 12.00
# Visual Studio Version 17
VisualStudioVersion = 17.14.36429.23 d17.14
MinimumVisualStudioVersion = 10.0.40219.1
Project("{FAE04EC0-301F-11D3-BF4B-00C04F79EFBC}") = "purrfect-blog-starter-1759425640", "purrfect-blog-starter-1759425640\purrfect-blog-starter-1759425640.csproj", "{2BF72538-10DE-41D0-A7F9-357A6AD9B1BE}"
EndProject
Global
	GlobalSection(SolutionConfigurationPlatforms) = preSolution
		Debug|Any CPU = Debug|Any CPU
		Release|Any CPU = Release|Any CPU
	EndGlobalSection
	GlobalSection(ProjectConfigurationPlatforms) = postSolution
		{2BF72538-10DE-41D0-A7F9-357A6AD9B1BE}.Debug|Any CPU.ActiveCfg = Debug|Any CPU
		{2BF72538-10DE-41D0-A7F9-357A6AD9B1BE}.Debug|Any CPU.Build.0 = Debug|Any CPU
		{2BF72538-10DE-41D0-A7F9-357A6AD9B1BE}.Release|Any CPU.ActiveCfg = Release|Any CPU
		{2BF72538-10DE-41D0-A7F9-357A6AD9B1BE}.Release|Any CPU.Build.0 = Release|Any CPU
	EndGlobalSection
	GlobalSection(SolutionProperties) = preSolution
		HideSolutionNode = FALSE
	EndGlobalSection
	GlobalSection(ExtensibilityGlobals) = postSolution
		SolutionGuid = {A409B2DA-B073-4106-B5F8-D4BD77C8599D}
	EndGlobalSection
EndGlobal
